
Microsoft Visual Studio Solution File, Format Version 12.00
# Visual Studio 15
VisualStudioVersion = 15.0.28307.572
MinimumVisualStudioVersion = 10.0.40219.1
Project("{FAE04EC0-301F-11D3-BF4B-00C04F79EFBC}") = "MscAudio", "MscAudio\MscAudio.csproj", "{69E95486-B30F-422A-8C5D-A703489E32FD}"
EndProject
Global
	GlobalSection(SolutionConfigurationPlatforms) = preSolution
		Debug|Any CPU = Debug|Any CPU
		Release|Any CPU = Release|Any CPU
	EndGlobalSection
	GlobalSection(ProjectConfigurationPlatforms) = postSolution
		{69E95486-B30F-422A-8C5D-A703489E32FD}.Debug|Any CPU.ActiveCfg = Debug|Any CPU
		{69E95486-B30F-422A-8C5D-A703489E32FD}.Debug|Any CPU.Build.0 = Debug|Any CPU
		{69E95486-B30F-422A-8C5D-A703489E32FD}.Release|Any CPU.ActiveCfg = Release|Any CPU
		{69E95486-B30F-422A-8C5D-A703489E32FD}.Release|Any CPU.Build.0 = Release|Any CPU
	EndGlobalSection
	GlobalSection(SolutionProperties) = preSolution
		HideSolutionNode = FALSE
	EndGlobalSection
	GlobalSection(ExtensibilityGlobals) = postSolution
		SolutionGuid = {57FA71C2-197B-45BB-81EE-D7C82C128021}
	EndGlobalSection
EndGlobal
